
Microsoft Visual Studio Solution File, Format Version 12.00
# Visual Studio 15
VisualStudioVersion = 15.0.26730.3
MinimumVisualStudioVersion = 10.0.40219.1
Project("{FAE04EC0-301F-11D3-BF4B-00C04F79EFBC}") = "ToDoServer", "ToDoServer\ToDoServer.csproj", "{8C633A10-5348-4C6B-85AA-5EDC9125DD75}"
EndProject
Project("{FAE04EC0-301F-11D3-BF4B-00C04F79EFBC}") = "ToDoList", "ToDoClient\ToDoList.csproj", "{5996D67A-6AC2-470D-A80C-ADA8BAACB451}"
EndProject
Global
	GlobalSection(SolutionConfigurationPlatforms) = preSolution
		Debug|Any CPU = Debug|Any CPU
		Release|Any CPU = Release|Any CPU
	EndGlobalSection
	GlobalSection(ProjectConfigurationPlatforms) = postSolution
		{8C633A10-5348-4C6B-85AA-5EDC9125DD75}.Debug|Any CPU.ActiveCfg = Debug|Any CPU
		{8C633A10-5348-4C6B-85AA-5EDC9125DD75}.Debug|Any CPU.Build.0 = Debug|Any CPU
		{8C633A10-5348-4C6B-85AA-5EDC9125DD75}.Release|Any CPU.ActiveCfg = Release|Any CPU
		{8C633A10-5348-4C6B-85AA-5EDC9125DD75}.Release|Any CPU.Build.0 = Release|Any CPU
		{5996D67A-6AC2-470D-A80C-ADA8BAACB451}.Debug|Any CPU.ActiveCfg = Debug|Any CPU
		{5996D67A-6AC2-470D-A80C-ADA8BAACB451}.Debug|Any CPU.Build.0 = Debug|Any CPU
		{5996D67A-6AC2-470D-A80C-ADA8BAACB451}.Release|Any CPU.ActiveCfg = Release|Any CPU
		{5996D67A-6AC2-470D-A80C-ADA8BAACB451}.Release|Any CPU.Build.0 = Release|Any CPU
	EndGlobalSection
	GlobalSection(SolutionProperties) = preSolution
		HideSolutionNode = FALSE
	EndGlobalSection
	GlobalSection(ExtensibilityGlobals) = postSolution
		SolutionGuid = {5B7876DF-629F-45F9-97B3-1028A3A04CBE}
	EndGlobalSection
EndGlobal
