
Microsoft Visual Studio Solution File, Format Version 12.00
# Visual Studio 15
VisualStudioVersion = 15.0.26730.3
MinimumVisualStudioVersion = 10.0.40219.1
Project("{FAE04EC0-301F-11D3-BF4B-00C04F79EFBC}") = "ToDoList.Client", "ToDoList.Client\ToDoList.Client.csproj", "{15143948-3DCB-4FAF-AFBE-311137614989}"
EndProject
Project("{FAE04EC0-301F-11D3-BF4B-00C04F79EFBC}") = "ToDoList.Server", "ToDoList.Server\ToDoList.Server.csproj", "{038BEF4D-29E9-41CB-9E73-2027F70A3796}"
EndProject
Project("{FAE04EC0-301F-11D3-BF4B-00C04F79EFBC}") = "ToDoList.Server.Tests", "ToDoList.Server.Tests\ToDoList.Server.Tests.csproj", "{B33343E0-F9C9-496D-9550-3F52B05CFDB1}"
EndProject
Project("{FAE04EC0-301F-11D3-BF4B-00C04F79EFBC}") = "ToDoList.Shared", "ToDoList.Shared\ToDoList.Shared.csproj", "{73447672-0F89-41A3-B8EA-7795713B180F}"
EndProject
Project("{FAE04EC0-301F-11D3-BF4B-00C04F79EFBC}") = "ToDoList.Client.Tests", "ToDoList.Client.Tests\ToDoList.Client.Tests.csproj", "{05E89C44-0A6A-4D8B-94B4-B1C47F5F148B}"
EndProject
Global
	GlobalSection(SolutionConfigurationPlatforms) = preSolution
		Debug|Any CPU = Debug|Any CPU
		Release|Any CPU = Release|Any CPU
	EndGlobalSection
	GlobalSection(ProjectConfigurationPlatforms) = postSolution
		{15143948-3DCB-4FAF-AFBE-311137614989}.Debug|Any CPU.ActiveCfg = Debug|Any CPU
		{15143948-3DCB-4FAF-AFBE-311137614989}.Debug|Any CPU.Build.0 = Debug|Any CPU
		{15143948-3DCB-4FAF-AFBE-311137614989}.Release|Any CPU.ActiveCfg = Release|Any CPU
		{15143948-3DCB-4FAF-AFBE-311137614989}.Release|Any CPU.Build.0 = Release|Any CPU
		{038BEF4D-29E9-41CB-9E73-2027F70A3796}.Debug|Any CPU.ActiveCfg = Debug|Any CPU
		{038BEF4D-29E9-41CB-9E73-2027F70A3796}.Debug|Any CPU.Build.0 = Debug|Any CPU
		{038BEF4D-29E9-41CB-9E73-2027F70A3796}.Release|Any CPU.ActiveCfg = Release|Any CPU
		{038BEF4D-29E9-41CB-9E73-2027F70A3796}.Release|Any CPU.Build.0 = Release|Any CPU
		{B33343E0-F9C9-496D-9550-3F52B05CFDB1}.Debug|Any CPU.ActiveCfg = Debug|Any CPU
		{B33343E0-F9C9-496D-9550-3F52B05CFDB1}.Debug|Any CPU.Build.0 = Debug|Any CPU
		{B33343E0-F9C9-496D-9550-3F52B05CFDB1}.Release|Any CPU.ActiveCfg = Release|Any CPU
		{B33343E0-F9C9-496D-9550-3F52B05CFDB1}.Release|Any CPU.Build.0 = Release|Any CPU
		{73447672-0F89-41A3-B8EA-7795713B180F}.Debug|Any CPU.ActiveCfg = Debug|Any CPU
		{73447672-0F89-41A3-B8EA-7795713B180F}.Debug|Any CPU.Build.0 = Debug|Any CPU
		{73447672-0F89-41A3-B8EA-7795713B180F}.Release|Any CPU.ActiveCfg = Release|Any CPU
		{73447672-0F89-41A3-B8EA-7795713B180F}.Release|Any CPU.Build.0 = Release|Any CPU
		{05E89C44-0A6A-4D8B-94B4-B1C47F5F148B}.Debug|Any CPU.ActiveCfg = Debug|Any CPU
		{05E89C44-0A6A-4D8B-94B4-B1C47F5F148B}.Debug|Any CPU.Build.0 = Debug|Any CPU
		{05E89C44-0A6A-4D8B-94B4-B1C47F5F148B}.Release|Any CPU.ActiveCfg = Release|Any CPU
		{05E89C44-0A6A-4D8B-94B4-B1C47F5F148B}.Release|Any CPU.Build.0 = Release|Any CPU
	EndGlobalSection
	GlobalSection(SolutionProperties) = preSolution
		HideSolutionNode = FALSE
	EndGlobalSection
	GlobalSection(ExtensibilityGlobals) = postSolution
		SolutionGuid = {F8A28C9E-B28F-4AC4-A38A-2338C4073FEA}
	EndGlobalSection
EndGlobal
